// !$*UTF8*$!
{
	archiveVersion = 1;
	classes = {
	};
	objectVersion = 48;
	objects = {

/* Begin PBXBuildFile section */
		4651D0B720B1C5BD00D24830 /* PodNameCellView.xib in Resources */ = {isa = PBXBuildFile; fileRef = 4651D0B620B1C5BD00D24830 /* PodNameCellView.xib */; };
		50131D0920206AED008C73B7 /* PodsTableView.swift in Sources */ = {isa = PBXBuildFile; fileRef = 50131D0820206AED008C73B7 /* PodsTableView.swift */; };
		50131D0D20206BFB008C73B7 /* Pod.swift in Sources */ = {isa = PBXBuildFile; fileRef = 50131D0C20206BFB008C73B7 /* Pod.swift */; };
		50131D1020206DFA008C73B7 /* DataSource.swift in Sources */ = {isa = PBXBuildFile; fileRef = 50131D0F20206DFA008C73B7 /* DataSource.swift */; };
		50131D1220206E05008C73B7 /* Repository.swift in Sources */ = {isa = PBXBuildFile; fileRef = 50131D1120206E05008C73B7 /* Repository.swift */; };
		50131D1420206F8F008C73B7 /* PodNewVersionsCellView.xib in Resources */ = {isa = PBXBuildFile; fileRef = 50131D1320206F8F008C73B7 /* PodNewVersionsCellView.xib */; };
		50131D16202070E8008C73B7 /* Extensions.swift in Sources */ = {isa = PBXBuildFile; fileRef = 50131D15202070E8008C73B7 /* Extensions.swift */; };
		50131D1A20208349008C73B7 /* Windows.swift in Sources */ = {isa = PBXBuildFile; fileRef = 50131D1920208349008C73B7 /* Windows.swift */; };
		50131D1D20208F32008C73B7 /* PodUseVersionCellView.xib in Resources */ = {isa = PBXBuildFile; fileRef = 50131D1C20208F32008C73B7 /* PodUseVersionCellView.xib */; };
		50131D1F20209F79008C73B7 /* HomeContract.swift in Sources */ = {isa = PBXBuildFile; fileRef = 50131D1E20209F79008C73B7 /* HomeContract.swift */; };
		50131D2120209F86008C73B7 /* HomePresenter.swift in Sources */ = {isa = PBXBuildFile; fileRef = 50131D2020209F86008C73B7 /* HomePresenter.swift */; };
		50131D2320209FEE008C73B7 /* BaseMVP.swift in Sources */ = {isa = PBXBuildFile; fileRef = 50131D2220209FEE008C73B7 /* BaseMVP.swift */; };
		50131D252020CCA3008C73B7 /* CommandLine.swift in Sources */ = {isa = PBXBuildFile; fileRef = 50131D242020CCA3008C73B7 /* CommandLine.swift */; };
		50197FE720236A430016860D /* SynchronizedScrollView.swift in Sources */ = {isa = PBXBuildFile; fileRef = 50197FE620236A430016860D /* SynchronizedScrollView.swift */; };
		50197FEA2024788A0016860D /* CommandViewController.swift in Sources */ = {isa = PBXBuildFile; fileRef = 50197FE92024788A0016860D /* CommandViewController.swift */; };
		502F6814202483C600FFEDF2 /* CommandContract.swift in Sources */ = {isa = PBXBuildFile; fileRef = 502F6813202483C600FFEDF2 /* CommandContract.swift */; };
		502F6816202483E800FFEDF2 /* CommandPresenter.swift in Sources */ = {isa = PBXBuildFile; fileRef = 502F6815202483E800FFEDF2 /* CommandPresenter.swift */; };
		5043610F20233D8900BC852E /* PodfileFixContract.swift in Sources */ = {isa = PBXBuildFile; fileRef = 5043610E20233D8900BC852E /* PodfileFixContract.swift */; };
		5043611120233D9400BC852E /* PodfileFixPresenter.swift in Sources */ = {isa = PBXBuildFile; fileRef = 5043611020233D9400BC852E /* PodfileFixPresenter.swift */; };
		504361142023565000BC852E /* NSStoryboard.swift in Sources */ = {isa = PBXBuildFile; fileRef = 504361132023565000BC852E /* NSStoryboard.swift */; };
		5079FA862022710500E752A1 /* Error.swift in Sources */ = {isa = PBXBuildFile; fileRef = 5079FA852022710500E752A1 /* Error.swift */; };
		5079FA89202323F600E752A1 /* PodfileFixViewController.swift in Sources */ = {isa = PBXBuildFile; fileRef = 5079FA88202323F500E752A1 /* PodfileFixViewController.swift */; };
		508DEDE02025EF7F005413D0 /* UserDefaults.swift in Sources */ = {isa = PBXBuildFile; fileRef = 508DEDDF2025EF7F005413D0 /* UserDefaults.swift */; };
		50C0652F201F7B4400D7B8D3 /* AppDelegate.swift in Sources */ = {isa = PBXBuildFile; fileRef = 50C0652E201F7B4400D7B8D3 /* AppDelegate.swift */; };
		50C06531201F7B4400D7B8D3 /* HomeViewController.swift in Sources */ = {isa = PBXBuildFile; fileRef = 50C06530201F7B4400D7B8D3 /* HomeViewController.swift */; };
		50C06533201F7B4400D7B8D3 /* Assets.xcassets in Resources */ = {isa = PBXBuildFile; fileRef = 50C06532201F7B4400D7B8D3 /* Assets.xcassets */; };
		50C06536201F7B4400D7B8D3 /* Main.storyboard in Resources */ = {isa = PBXBuildFile; fileRef = 50C06534201F7B4400D7B8D3 /* Main.storyboard */; };
		74A30DCEAC111AE11E7E48EC /* Pods_Pods_Updater.framework in Frameworks */ = {isa = PBXBuildFile; fileRef = 1C58CB8FB1E7991FB5DCFED4 /* Pods_Pods_Updater.framework */; };
/* End PBXBuildFile section */

/* Begin PBXFileReference section */
		0631C7B7A5D761B85DC0B2CE /* Pods-Pods Updater.debug.xcconfig */ = {isa = PBXFileReference; includeInIndex = 1; lastKnownFileType = text.xcconfig; name = "Pods-Pods Updater.debug.xcconfig"; path = "Pods/Target Support Files/Pods-Pods Updater/Pods-Pods Updater.debug.xcconfig"; sourceTree = "<group>"; };
		1C58CB8FB1E7991FB5DCFED4 /* Pods_Pods_Updater.framework */ = {isa = PBXFileReference; explicitFileType = wrapper.framework; includeInIndex = 0; path = Pods_Pods_Updater.framework; sourceTree = BUILT_PRODUCTS_DIR; };
		4651D0B620B1C5BD00D24830 /* PodNameCellView.xib */ = {isa = PBXFileReference; fileEncoding = 4; lastKnownFileType = file.xib; path = PodNameCellView.xib; sourceTree = "<group>"; };
		50131D0820206AED008C73B7 /* PodsTableView.swift */ = {isa = PBXFileReference; lastKnownFileType = sourcecode.swift; path = PodsTableView.swift; sourceTree = "<group>"; };
		50131D0C20206BFB008C73B7 /* Pod.swift */ = {isa = PBXFileReference; lastKnownFileType = sourcecode.swift; path = Pod.swift; sourceTree = "<group>"; };
		50131D0F20206DFA008C73B7 /* DataSource.swift */ = {isa = PBXFileReference; lastKnownFileType = sourcecode.swift; path = DataSource.swift; sourceTree = "<group>"; };
		50131D1120206E05008C73B7 /* Repository.swift */ = {isa = PBXFileReference; lastKnownFileType = sourcecode.swift; path = Repository.swift; sourceTree = "<group>"; };
		50131D1320206F8F008C73B7 /* PodNewVersionsCellView.xib */ = {isa = PBXFileReference; lastKnownFileType = file.xib; path = PodNewVersionsCellView.xib; sourceTree = "<group>"; };
		50131D15202070E8008C73B7 /* Extensions.swift */ = {isa = PBXFileReference; lastKnownFileType = sourcecode.swift; path = Extensions.swift; sourceTree = "<group>"; };
		50131D1920208349008C73B7 /* Windows.swift */ = {isa = PBXFileReference; lastKnownFileType = sourcecode.swift; path = Windows.swift; sourceTree = "<group>"; };
		50131D1C20208F32008C73B7 /* PodUseVersionCellView.xib */ = {isa = PBXFileReference; lastKnownFileType = file.xib; path = PodUseVersionCellView.xib; sourceTree = "<group>"; };
		50131D1E20209F79008C73B7 /* HomeContract.swift */ = {isa = PBXFileReference; lastKnownFileType = sourcecode.swift; path = HomeContract.swift; sourceTree = "<group>"; };
		50131D2020209F86008C73B7 /* HomePresenter.swift */ = {isa = PBXFileReference; lastKnownFileType = sourcecode.swift; path = HomePresenter.swift; sourceTree = "<group>"; };
		50131D2220209FEE008C73B7 /* BaseMVP.swift */ = {isa = PBXFileReference; lastKnownFileType = sourcecode.swift; path = BaseMVP.swift; sourceTree = "<group>"; };
		50131D242020CCA3008C73B7 /* CommandLine.swift */ = {isa = PBXFileReference; lastKnownFileType = sourcecode.swift; path = CommandLine.swift; sourceTree = "<group>"; };
		50197FE620236A430016860D /* SynchronizedScrollView.swift */ = {isa = PBXFileReference; lastKnownFileType = sourcecode.swift; path = SynchronizedScrollView.swift; sourceTree = "<group>"; };
		50197FE92024788A0016860D /* CommandViewController.swift */ = {isa = PBXFileReference; lastKnownFileType = sourcecode.swift; path = CommandViewController.swift; sourceTree = "<group>"; };
		502F6813202483C600FFEDF2 /* CommandContract.swift */ = {isa = PBXFileReference; lastKnownFileType = sourcecode.swift; path = CommandContract.swift; sourceTree = "<group>"; };
		502F6815202483E800FFEDF2 /* CommandPresenter.swift */ = {isa = PBXFileReference; lastKnownFileType = sourcecode.swift; path = CommandPresenter.swift; sourceTree = "<group>"; };
		5043610E20233D8900BC852E /* PodfileFixContract.swift */ = {isa = PBXFileReference; lastKnownFileType = sourcecode.swift; path = PodfileFixContract.swift; sourceTree = "<group>"; };
		5043611020233D9400BC852E /* PodfileFixPresenter.swift */ = {isa = PBXFileReference; lastKnownFileType = sourcecode.swift; path = PodfileFixPresenter.swift; sourceTree = "<group>"; };
		504361132023565000BC852E /* NSStoryboard.swift */ = {isa = PBXFileReference; lastKnownFileType = sourcecode.swift; path = NSStoryboard.swift; sourceTree = "<group>"; };
		5079FA852022710500E752A1 /* Error.swift */ = {isa = PBXFileReference; lastKnownFileType = sourcecode.swift; path = Error.swift; sourceTree = "<group>"; };
		5079FA88202323F500E752A1 /* PodfileFixViewController.swift */ = {isa = PBXFileReference; lastKnownFileType = sourcecode.swift; path = PodfileFixViewController.swift; sourceTree = "<group>"; };
		508DEDDF2025EF7F005413D0 /* UserDefaults.swift */ = {isa = PBXFileReference; lastKnownFileType = sourcecode.swift; path = UserDefaults.swift; sourceTree = "<group>"; };
		50C0652B201F7B4400D7B8D3 /* Pods Updater.app */ = {isa = PBXFileReference; explicitFileType = wrapper.application; includeInIndex = 0; path = "Pods Updater.app"; sourceTree = BUILT_PRODUCTS_DIR; };
		50C0652E201F7B4400D7B8D3 /* AppDelegate.swift */ = {isa = PBXFileReference; lastKnownFileType = sourcecode.swift; path = AppDelegate.swift; sourceTree = "<group>"; };
		50C06530201F7B4400D7B8D3 /* HomeViewController.swift */ = {isa = PBXFileReference; lastKnownFileType = sourcecode.swift; path = HomeViewController.swift; sourceTree = "<group>"; };
		50C06532201F7B4400D7B8D3 /* Assets.xcassets */ = {isa = PBXFileReference; lastKnownFileType = folder.assetcatalog; path = Assets.xcassets; sourceTree = "<group>"; };
		50C06535201F7B4400D7B8D3 /* Base */ = {isa = PBXFileReference; lastKnownFileType = file.storyboard; name = Base; path = Base.lproj/Main.storyboard; sourceTree = "<group>"; };
		50C06537201F7B4400D7B8D3 /* Info.plist */ = {isa = PBXFileReference; lastKnownFileType = text.plist.xml; path = Info.plist; sourceTree = "<group>"; };
		50C06538201F7B4400D7B8D3 /* Pods_Updater.entitlements */ = {isa = PBXFileReference; lastKnownFileType = text.plist.entitlements; path = Pods_Updater.entitlements; sourceTree = "<group>"; };
		CEA1D1EE5E4CFFAA3911A1F0 /* Pods-Pods Updater.release.xcconfig */ = {isa = PBXFileReference; includeInIndex = 1; lastKnownFileType = text.xcconfig; name = "Pods-Pods Updater.release.xcconfig"; path = "Pods/Target Support Files/Pods-Pods Updater/Pods-Pods Updater.release.xcconfig"; sourceTree = "<group>"; };
/* End PBXFileReference section */

/* Begin PBXFrameworksBuildPhase section */
		50C06528201F7B4400D7B8D3 /* Frameworks */ = {
			isa = PBXFrameworksBuildPhase;
			buildActionMask = 2147483647;
			files = (
				74A30DCEAC111AE11E7E48EC /* Pods_Pods_Updater.framework in Frameworks */,
			);
			runOnlyForDeploymentPostprocessing = 0;
		};
/* End PBXFrameworksBuildPhase section */

/* Begin PBXGroup section */
		4650C1AD223D4A33000FA3B3 /* Utils */ = {
			isa = PBXGroup;
			children = (
				504361132023565000BC852E /* NSStoryboard.swift */,
				508DEDDF2025EF7F005413D0 /* UserDefaults.swift */,
				50131D15202070E8008C73B7 /* Extensions.swift */,
			);
			path = Utils;
			sourceTree = "<group>";
		};
		50131D0E20206DCA008C73B7 /* Data */ = {
			isa = PBXGroup;
			children = (
				50131D242020CCA3008C73B7 /* CommandLine.swift */,
				50131D0C20206BFB008C73B7 /* Pod.swift */,
				50131D0F20206DFA008C73B7 /* DataSource.swift */,
				50131D1120206E05008C73B7 /* Repository.swift */,
				5079FA852022710500E752A1 /* Error.swift */,
			);
			path = Data;
			sourceTree = "<group>";
		};
		50131D1B20208EAB008C73B7 /* UI */ = {
			isa = PBXGroup;
			children = (
				50197FE82024785A0016860D /* Command */,
				50197FE520236A120016860D /* Custom */,
				5043611220233DA300BC852E /* Home */,
				5079FA872023235500E752A1 /* PodfileFix */,
				50C06534201F7B4400D7B8D3 /* Main.storyboard */,
				50131D1920208349008C73B7 /* Windows.swift */,
				50131D2220209FEE008C73B7 /* BaseMVP.swift */,
			);
			path = UI;
			sourceTree = "<group>";
		};
		50197FE520236A120016860D /* Custom */ = {
			isa = PBXGroup;
			children = (
				50197FE620236A430016860D /* SynchronizedScrollView.swift */,
			);
			path = Custom;
			sourceTree = "<group>";
		};
		50197FE82024785A0016860D /* Command */ = {
			isa = PBXGroup;
			children = (
				50197FE92024788A0016860D /* CommandViewController.swift */,
				502F6813202483C600FFEDF2 /* CommandContract.swift */,
				502F6815202483E800FFEDF2 /* CommandPresenter.swift */,
			);
			path = Command;
			sourceTree = "<group>";
		};
		5043611220233DA300BC852E /* Home */ = {
			isa = PBXGroup;
			children = (
				50C06530201F7B4400D7B8D3 /* HomeViewController.swift */,
				50131D1E20209F79008C73B7 /* HomeContract.swift */,
				50131D2020209F86008C73B7 /* HomePresenter.swift */,
				50131D0820206AED008C73B7 /* PodsTableView.swift */,
				50131D1320206F8F008C73B7 /* PodNewVersionsCellView.xib */,
				50131D1C20208F32008C73B7 /* PodUseVersionCellView.xib */,
				4651D0B620B1C5BD00D24830 /* PodNameCellView.xib */,
			);
			path = Home;
			sourceTree = "<group>";
		};
		5079FA872023235500E752A1 /* PodfileFix */ = {
			isa = PBXGroup;
			children = (
				5079FA88202323F500E752A1 /* PodfileFixViewController.swift */,
				5043610E20233D8900BC852E /* PodfileFixContract.swift */,
				5043611020233D9400BC852E /* PodfileFixPresenter.swift */,
			);
			path = PodfileFix;
			sourceTree = "<group>";
		};
		50C06522201F7B4400D7B8D3 = {
			isa = PBXGroup;
			children = (
				50C0652D201F7B4400D7B8D3 /* Pods Updater */,
				50C0652C201F7B4400D7B8D3 /* Products */,
				E5A3AB6EACC13AE892A4D369 /* Pods */,
				948AE0DFB17635FAED96AD7A /* Frameworks */,
			);
			sourceTree = "<group>";
		};
		50C0652C201F7B4400D7B8D3 /* Products */ = {
			isa = PBXGroup;
			children = (
				50C0652B201F7B4400D7B8D3 /* Pods Updater.app */,
			);
			name = Products;
			sourceTree = "<group>";
		};
		50C0652D201F7B4400D7B8D3 /* Pods Updater */ = {
			isa = PBXGroup;
			children = (
				50131D1B20208EAB008C73B7 /* UI */,
				50131D0E20206DCA008C73B7 /* Data */,
				4650C1AD223D4A33000FA3B3 /* Utils */,
				50C0652E201F7B4400D7B8D3 /* AppDelegate.swift */,
				50C06532201F7B4400D7B8D3 /* Assets.xcassets */,
				50C06537201F7B4400D7B8D3 /* Info.plist */,
				50C06538201F7B4400D7B8D3 /* Pods_Updater.entitlements */,
			);
			path = "Pods Updater";
			sourceTree = "<group>";
		};
		948AE0DFB17635FAED96AD7A /* Frameworks */ = {
			isa = PBXGroup;
			children = (
				1C58CB8FB1E7991FB5DCFED4 /* Pods_Pods_Updater.framework */,
			);
			name = Frameworks;
			sourceTree = "<group>";
		};
		E5A3AB6EACC13AE892A4D369 /* Pods */ = {
			isa = PBXGroup;
			children = (
				0631C7B7A5D761B85DC0B2CE /* Pods-Pods Updater.debug.xcconfig */,
				CEA1D1EE5E4CFFAA3911A1F0 /* Pods-Pods Updater.release.xcconfig */,
			);
			name = Pods;
			sourceTree = "<group>";
		};
/* End PBXGroup section */

/* Begin PBXNativeTarget section */
		50C0652A201F7B4400D7B8D3 /* Pods Updater */ = {
			isa = PBXNativeTarget;
			buildConfigurationList = 50C0653B201F7B4400D7B8D3 /* Build configuration list for PBXNativeTarget "Pods Updater" */;
			buildPhases = (
				6CCF8D0DC9E47F931A852CC0 /* [CP] Check Pods Manifest.lock */,
				50C06527201F7B4400D7B8D3 /* Sources */,
				50C06528201F7B4400D7B8D3 /* Frameworks */,
				50C06529201F7B4400D7B8D3 /* Resources */,
				6220D93706A28103F988FF13 /* [CP] Embed Pods Frameworks */,
			);
			buildRules = (
			);
			dependencies = (
			);
			name = "Pods Updater";
			productName = "Pods Updater";
			productReference = 50C0652B201F7B4400D7B8D3 /* Pods Updater.app */;
			productType = "com.apple.product-type.application";
		};
/* End PBXNativeTarget section */

/* Begin PBXProject section */
		50C06523201F7B4400D7B8D3 /* Project object */ = {
			isa = PBXProject;
			attributes = {
				LastSwiftUpdateCheck = 0920;
				LastUpgradeCheck = 0930;
				ORGANIZATIONNAME = "Kizito Nwose";
				TargetAttributes = {
					50C0652A201F7B4400D7B8D3 = {
						CreatedOnToolsVersion = 9.2;
						LastSwiftMigration = 1010;
						ProvisioningStyle = Automatic;
						SystemCapabilities = {
							com.apple.Sandbox = {
								enabled = 0;
							};
						};
					};
				};
			};
			buildConfigurationList = 50C06526201F7B4400D7B8D3 /* Build configuration list for PBXProject "Pods Updater" */;
			compatibilityVersion = "Xcode 8.0";
			developmentRegion = en;
			hasScannedForEncodings = 0;
			knownRegions = (
				en,
				Base,
			);
			mainGroup = 50C06522201F7B4400D7B8D3;
			productRefGroup = 50C0652C201F7B4400D7B8D3 /* Products */;
			projectDirPath = "";
			projectRoot = "";
			targets = (
				50C0652A201F7B4400D7B8D3 /* Pods Updater */,
			);
		};
/* End PBXProject section */

/* Begin PBXResourcesBuildPhase section */
		50C06529201F7B4400D7B8D3 /* Resources */ = {
			isa = PBXResourcesBuildPhase;
			buildActionMask = 2147483647;
			files = (
				50C06533201F7B4400D7B8D3 /* Assets.xcassets in Resources */,
				4651D0B720B1C5BD00D24830 /* PodNameCellView.xib in Resources */,
				50131D1420206F8F008C73B7 /* PodNewVersionsCellView.xib in Resources */,
				50C06536201F7B4400D7B8D3 /* Main.storyboard in Resources */,
				50131D1D20208F32008C73B7 /* PodUseVersionCellView.xib in Resources */,
			);
			runOnlyForDeploymentPostprocessing = 0;
		};
/* End PBXResourcesBuildPhase section */

/* Begin PBXShellScriptBuildPhase section */
		6220D93706A28103F988FF13 /* [CP] Embed Pods Frameworks */ = {
			isa = PBXShellScriptBuildPhase;
			buildActionMask = 2147483647;
			files = (
			);
			inputPaths = (
				"${PODS_ROOT}/Target Support Files/Pods-Pods Updater/Pods-Pods Updater-frameworks.sh",
				"${BUILT_PRODUCTS_DIR}/Highlightr/Highlightr.framework",
				"${BUILT_PRODUCTS_DIR}/RxAtomic/RxAtomic.framework",
				"${BUILT_PRODUCTS_DIR}/RxCocoa/RxCocoa.framework",
				"${BUILT_PRODUCTS_DIR}/RxSwift/RxSwift.framework",
			);
			name = "[CP] Embed Pods Frameworks";
			outputPaths = (
				"${TARGET_BUILD_DIR}/${FRAMEWORKS_FOLDER_PATH}/Highlightr.framework",
				"${TARGET_BUILD_DIR}/${FRAMEWORKS_FOLDER_PATH}/RxAtomic.framework",
				"${TARGET_BUILD_DIR}/${FRAMEWORKS_FOLDER_PATH}/RxCocoa.framework",
				"${TARGET_BUILD_DIR}/${FRAMEWORKS_FOLDER_PATH}/RxSwift.framework",
			);
			runOnlyForDeploymentPostprocessing = 0;
			shellPath = /bin/sh;
			shellScript = "\"${PODS_ROOT}/Target Support Files/Pods-Pods Updater/Pods-Pods Updater-frameworks.sh\"\n";
			showEnvVarsInLog = 0;
		};
		6CCF8D0DC9E47F931A852CC0 /* [CP] Check Pods Manifest.lock */ = {
			isa = PBXShellScriptBuildPhase;
			buildActionMask = 2147483647;
			files = (
			);
			inputPaths = (
				"${PODS_PODFILE_DIR_PATH}/Podfile.lock",
				"${PODS_ROOT}/Manifest.lock",
			);
			name = "[CP] Check Pods Manifest.lock";
			outputPaths = (
				"$(DERIVED_FILE_DIR)/Pods-Pods Updater-checkManifestLockResult.txt",
			);
			runOnlyForDeploymentPostprocessing = 0;
			shellPath = /bin/sh;
			shellScript = "diff \"${PODS_PODFILE_DIR_PATH}/Podfile.lock\" \"${PODS_ROOT}/Manifest.lock\" > /dev/null\nif [ $? != 0 ] ; then\n    # print error to STDERR\n    echo \"error: The sandbox is not in sync with the Podfile.lock. Run 'pod install' or update your CocoaPods installation.\" >&2\n    exit 1\nfi\n# This output is used by Xcode 'outputs' to avoid re-running this script phase.\necho \"SUCCESS\" > \"${SCRIPT_OUTPUT_FILE_0}\"\n";
			showEnvVarsInLog = 0;
		};
/* End PBXShellScriptBuildPhase section */

/* Begin PBXSourcesBuildPhase section */
		50C06527201F7B4400D7B8D3 /* Sources */ = {
			isa = PBXSourcesBuildPhase;
			buildActionMask = 2147483647;
			files = (
				5043610F20233D8900BC852E /* PodfileFixContract.swift in Sources */,
				50131D0920206AED008C73B7 /* PodsTableView.swift in Sources */,
				50197FEA2024788A0016860D /* CommandViewController.swift in Sources */,
				50131D1F20209F79008C73B7 /* HomeContract.swift in Sources */,
				50131D1A20208349008C73B7 /* Windows.swift in Sources */,
				5079FA862022710500E752A1 /* Error.swift in Sources */,
				50197FE720236A430016860D /* SynchronizedScrollView.swift in Sources */,
				50131D2320209FEE008C73B7 /* BaseMVP.swift in Sources */,
				504361142023565000BC852E /* NSStoryboard.swift in Sources */,
				50C06531201F7B4400D7B8D3 /* HomeViewController.swift in Sources */,
				50C0652F201F7B4400D7B8D3 /* AppDelegate.swift in Sources */,
				502F6814202483C600FFEDF2 /* CommandContract.swift in Sources */,
				50131D2120209F86008C73B7 /* HomePresenter.swift in Sources */,
				50131D1020206DFA008C73B7 /* DataSource.swift in Sources */,
				508DEDE02025EF7F005413D0 /* UserDefaults.swift in Sources */,
				50131D252020CCA3008C73B7 /* CommandLine.swift in Sources */,
				5079FA89202323F600E752A1 /* PodfileFixViewController.swift in Sources */,
				5043611120233D9400BC852E /* PodfileFixPresenter.swift in Sources */,
				502F6816202483E800FFEDF2 /* CommandPresenter.swift in Sources */,
				50131D0D20206BFB008C73B7 /* Pod.swift in Sources */,
				50131D1220206E05008C73B7 /* Repository.swift in Sources */,
				50131D16202070E8008C73B7 /* Extensions.swift in Sources */,
			);
			runOnlyForDeploymentPostprocessing = 0;
		};
/* End PBXSourcesBuildPhase section */

/* Begin PBXVariantGroup section */
		50C06534201F7B4400D7B8D3 /* Main.storyboard */ = {
			isa = PBXVariantGroup;
			children = (
				50C06535201F7B4400D7B8D3 /* Base */,
			);
			name = Main.storyboard;
			sourceTree = "<group>";
		};
/* End PBXVariantGroup section */

/* Begin XCBuildConfiguration section */
		50C06539201F7B4400D7B8D3 /* Debug */ = {
			isa = XCBuildConfiguration;
			buildSettings = {
				ALWAYS_SEARCH_USER_PATHS = NO;
				CLANG_ANALYZER_NONNULL = YES;
				CLANG_ANALYZER_NUMBER_OBJECT_CONVERSION = YES_AGGRESSIVE;
				CLANG_CXX_LANGUAGE_STANDARD = "gnu++14";
				CLANG_CXX_LIBRARY = "libc++";
				CLANG_ENABLE_MODULES = YES;
				CLANG_ENABLE_OBJC_ARC = YES;
				CLANG_WARN_BLOCK_CAPTURE_AUTORELEASING = YES;
				CLANG_WARN_BOOL_CONVERSION = YES;
				CLANG_WARN_COMMA = YES;
				CLANG_WARN_CONSTANT_CONVERSION = YES;
				CLANG_WARN_DEPRECATED_OBJC_IMPLEMENTATIONS = YES;
				CLANG_WARN_DIRECT_OBJC_ISA_USAGE = YES_ERROR;
				CLANG_WARN_DOCUMENTATION_COMMENTS = YES;
				CLANG_WARN_EMPTY_BODY = YES;
				CLANG_WARN_ENUM_CONVERSION = YES;
				CLANG_WARN_INFINITE_RECURSION = YES;
				CLANG_WARN_INT_CONVERSION = YES;
				CLANG_WARN_NON_LITERAL_NULL_CONVERSION = YES;
				CLANG_WARN_OBJC_IMPLICIT_RETAIN_SELF = YES;
				CLANG_WARN_OBJC_LITERAL_CONVERSION = YES;
				CLANG_WARN_OBJC_ROOT_CLASS = YES_ERROR;
				CLANG_WARN_RANGE_LOOP_ANALYSIS = YES;
				CLANG_WARN_STRICT_PROTOTYPES = YES;
				CLANG_WARN_SUSPICIOUS_MOVE = YES;
				CLANG_WARN_UNGUARDED_AVAILABILITY = YES_AGGRESSIVE;
				CLANG_WARN_UNREACHABLE_CODE = YES;
				CLANG_WARN__DUPLICATE_METHOD_MATCH = YES;
				CODE_SIGN_IDENTITY = "Mac Developer";
				COPY_PHASE_STRIP = NO;
				DEBUG_INFORMATION_FORMAT = dwarf;
				ENABLE_STRICT_OBJC_MSGSEND = YES;
				ENABLE_TESTABILITY = YES;
				GCC_C_LANGUAGE_STANDARD = gnu11;
				GCC_DYNAMIC_NO_PIC = NO;
				GCC_NO_COMMON_BLOCKS = YES;
				GCC_OPTIMIZATION_LEVEL = 0;
				GCC_PREPROCESSOR_DEFINITIONS = (
					"DEBUG=1",
					"$(inherited)",
				);
				GCC_WARN_64_TO_32_BIT_CONVERSION = YES;
				GCC_WARN_ABOUT_RETURN_TYPE = YES_ERROR;
				GCC_WARN_UNDECLARED_SELECTOR = YES;
				GCC_WARN_UNINITIALIZED_AUTOS = YES_AGGRESSIVE;
				GCC_WARN_UNUSED_FUNCTION = YES;
				GCC_WARN_UNUSED_VARIABLE = YES;
				MACOSX_DEPLOYMENT_TARGET = 10.13;
				MTL_ENABLE_DEBUG_INFO = YES;
				ONLY_ACTIVE_ARCH = YES;
				SDKROOT = macosx;
				SWIFT_ACTIVE_COMPILATION_CONDITIONS = DEBUG;
				SWIFT_OPTIMIZATION_LEVEL = "-Onone";
			};
			name = Debug;
		};
		50C0653A201F7B4400D7B8D3 /* Release */ = {
			isa = XCBuildConfiguration;
			buildSettings = {
				ALWAYS_SEARCH_USER_PATHS = NO;
				CLANG_ANALYZER_NONNULL = YES;
				CLANG_ANALYZER_NUMBER_OBJECT_CONVERSION = YES_AGGRESSIVE;
				CLANG_CXX_LANGUAGE_STANDARD = "gnu++14";
				CLANG_CXX_LIBRARY = "libc++";
				CLANG_ENABLE_MODULES = YES;
				CLANG_ENABLE_OBJC_ARC = YES;
				CLANG_WARN_BLOCK_CAPTURE_AUTORELEASING = YES;
				CLANG_WARN_BOOL_CONVERSION = YES;
				CLANG_WARN_COMMA = YES;
				CLANG_WARN_CONSTANT_CONVERSION = YES;
				CLANG_WARN_DEPRECATED_OBJC_IMPLEMENTATIONS = YES;
				CLANG_WARN_DIRECT_OBJC_ISA_USAGE = YES_ERROR;
				CLANG_WARN_DOCUMENTATION_COMMENTS = YES;
				CLANG_WARN_EMPTY_BODY = YES;
				CLANG_WARN_ENUM_CONVERSION = YES;
				CLANG_WARN_INFINITE_RECURSION = YES;
				CLANG_WARN_INT_CONVERSION = YES;
				CLANG_WARN_NON_LITERAL_NULL_CONVERSION = YES;
				CLANG_WARN_OBJC_IMPLICIT_RETAIN_SELF = YES;
				CLANG_WARN_OBJC_LITERAL_CONVERSION = YES;
				CLANG_WARN_OBJC_ROOT_CLASS = YES_ERROR;
				CLANG_WARN_RANGE_LOOP_ANALYSIS = YES;
				CLANG_WARN_STRICT_PROTOTYPES = YES;
				CLANG_WARN_SUSPICIOUS_MOVE = YES;
				CLANG_WARN_UNGUARDED_AVAILABILITY = YES_AGGRESSIVE;
				CLANG_WARN_UNREACHABLE_CODE = YES;
				CLANG_WARN__DUPLICATE_METHOD_MATCH = YES;
				CODE_SIGN_IDENTITY = "Mac Developer";
				COPY_PHASE_STRIP = NO;
				DEBUG_INFORMATION_FORMAT = "dwarf-with-dsym";
				ENABLE_NS_ASSERTIONS = NO;
				ENABLE_STRICT_OBJC_MSGSEND = YES;
				GCC_C_LANGUAGE_STANDARD = gnu11;
				GCC_NO_COMMON_BLOCKS = YES;
				GCC_WARN_64_TO_32_BIT_CONVERSION = YES;
				GCC_WARN_ABOUT_RETURN_TYPE = YES_ERROR;
				GCC_WARN_UNDECLARED_SELECTOR = YES;
				GCC_WARN_UNINITIALIZED_AUTOS = YES_AGGRESSIVE;
				GCC_WARN_UNUSED_FUNCTION = YES;
				GCC_WARN_UNUSED_VARIABLE = YES;
				MACOSX_DEPLOYMENT_TARGET = 10.13;
				MTL_ENABLE_DEBUG_INFO = NO;
				SDKROOT = macosx;
				SWIFT_OPTIMIZATION_LEVEL = "-Owholemodule";
			};
			name = Release;
		};
		50C0653C201F7B4400D7B8D3 /* Debug */ = {
			isa = XCBuildConfiguration;
			baseConfigurationReference = 0631C7B7A5D761B85DC0B2CE /* Pods-Pods Updater.debug.xcconfig */;
			buildSettings = {
				ASSETCATALOG_COMPILER_APPICON_NAME = AppIcon;
				CODE_SIGN_STYLE = Automatic;
				COMBINE_HIDPI_IMAGES = YES;
				DEVELOPMENT_TEAM = K3JWY7DT4K;
				INFOPLIST_FILE = "Pods Updater/Info.plist";
				LD_RUNPATH_SEARCH_PATHS = "$(inherited) @executable_path/../Frameworks";
				MACOSX_DEPLOYMENT_TARGET = 10.11;
				PRODUCT_BUNDLE_IDENTIFIER = com.kizitonwose.podsupdater;
				PRODUCT_NAME = "$(TARGET_NAME)";
				SWIFT_VERSION = 4.2;
			};
			name = Debug;
		};
		50C0653D201F7B4400D7B8D3 /* Release */ = {
			isa = XCBuildConfiguration;
			baseConfigurationReference = CEA1D1EE5E4CFFAA3911A1F0 /* Pods-Pods Updater.release.xcconfig */;
			buildSettings = {
				ASSETCATALOG_COMPILER_APPICON_NAME = AppIcon;
				CODE_SIGN_STYLE = Automatic;
				COMBINE_HIDPI_IMAGES = YES;
				DEVELOPMENT_TEAM = K3JWY7DT4K;
				INFOPLIST_FILE = "Pods Updater/Info.plist";
				LD_RUNPATH_SEARCH_PATHS = "$(inherited) @executable_path/../Frameworks";
				MACOSX_DEPLOYMENT_TARGET = 10.11;
				PRODUCT_BUNDLE_IDENTIFIER = com.kizitonwose.podsupdater;
				PRODUCT_NAME = "$(TARGET_NAME)";
				SWIFT_VERSION = 4.2;
			};
			name = Release;
		};
/* End XCBuildConfiguration section */

/* Begin XCConfigurationList section */
		50C06526201F7B4400D7B8D3 /* Build configuration list for PBXProject "Pods Updater" */ = {
			isa = XCConfigurationList;
			buildConfigurations = (
				50C06539201F7B4400D7B8D3 /* Debug */,
				50C0653A201F7B4400D7B8D3 /* Release */,
			);
			defaultConfigurationIsVisible = 0;
			defaultConfigurationName = Release;
		};
		50C0653B201F7B4400D7B8D3 /* Build configuration list for PBXNativeTarget "Pods Updater" */ = {
			isa = XCConfigurationList;
			buildConfigurations = (
				50C0653C201F7B4400D7B8D3 /* Debug */,
				50C0653D201F7B4400D7B8D3 /* Release */,
			);
			defaultConfigurationIsVisible = 0;
			defaultConfigurationName = Release;
		};
/* End XCConfigurationList section */
	};
	rootObject = 50C06523201F7B4400D7B8D3 /* Project object */;
}
